
Microsoft Visual Studio Solution File, Format Version 12.00
# Visual Studio Version 17
VisualStudioVersion = 17.0.31919.166
MinimumVisualStudioVersion = 10.0.40219.1
Project("{FAE04EC0-301F-11D3-BF4B-00C04F79EFBC}") = "TookBook", "TookBook\TookBook.csproj", "{CCBF5FC0-CDA0-41BA-AA5E-57FBEE93BC61}"
EndProject
Global
	GlobalSection(SolutionConfigurationPlatforms) = preSolution
		Debug|Any CPU = Debug|Any CPU
		Release|Any CPU = Release|Any CPU
	EndGlobalSection
	GlobalSection(ProjectConfigurationPlatforms) = postSolution
		{CCBF5FC0-CDA0-41BA-AA5E-57FBEE93BC61}.Debug|Any CPU.ActiveCfg = Debug|Any CPU
		{CCBF5FC0-CDA0-41BA-AA5E-57FBEE93BC61}.Debug|Any CPU.Build.0 = Debug|Any CPU
		{CCBF5FC0-CDA0-41BA-AA5E-57FBEE93BC61}.Release|Any CPU.ActiveCfg = Release|Any CPU
		{CCBF5FC0-CDA0-41BA-AA5E-57FBEE93BC61}.Release|Any CPU.Build.0 = Release|Any CPU
	EndGlobalSection
	GlobalSection(SolutionProperties) = preSolution
		HideSolutionNode = FALSE
	EndGlobalSection
	GlobalSection(ExtensibilityGlobals) = postSolution
		SolutionGuid = {5B1F6B22-0D4F-426E-A4FA-63082D5F97A2}
	EndGlobalSection
EndGlobal
